
Microsoft Visual Studio Solution File, Format Version 12.00
# Visual Studio Version 17
VisualStudioVersion = 17.0.31612.314
MinimumVisualStudioVersion = 10.0.40219.1
Project("{8BC9CEB8-8B4A-11D0-8D11-00A0C91BC942}") = "loader", "sources\loader\loader.vcxproj", "{AB00D70A-9DCC-4448-8A8D-E3BC68E4B7CD}"
EndProject
Project("{8BC9CEB8-8B4A-11D0-8D11-00A0C91BC942}") = "core", "sources\core\core.vcxproj", "{B589D49E-3679-40AA-A0AC-9340ED48EFA6}"
EndProject
Project("{8BC9CEB8-8B4A-11D0-8D11-00A0C91BC942}") = "sdk", "sources\sdk\sdk.vcxproj", "{F2FD9E28-A946-45FE-B9AB-7301056E8384}"
EndProject
Project("{2150E333-8FDC-42A3-9474-1A3956D46DE8}") = "tests", "tests", "{0AB3F227-DE85-48F6-BB5A-9800F5FC58D4}"
EndProject
Project("{8BC9CEB8-8B4A-11D0-8D11-00A0C91BC942}") = "sandbox", "sources\sandbox\sandbox.vcxproj", "{F5BF487D-3B87-4119-93C8-FE60E5396976}"
EndProject
Project("{8BC9CEB8-8B4A-11D0-8D11-00A0C91BC942}") = "DebugConsole", "DebugConsole\DebugConsole.vcxproj", "{3CEB0656-C986-4886-8BD4-6AB413394726}"
EndProject
Global
	GlobalSection(SolutionConfigurationPlatforms) = preSolution
		Debug|x64 = Debug|x64
		Debug|x86 = Debug|x86
		Release|x64 = Release|x64
		Release|x86 = Release|x86
	EndGlobalSection
	GlobalSection(ProjectConfigurationPlatforms) = postSolution
		{AB00D70A-9DCC-4448-8A8D-E3BC68E4B7CD}.Debug|x64.ActiveCfg = Debug|x64
		{AB00D70A-9DCC-4448-8A8D-E3BC68E4B7CD}.Debug|x64.Build.0 = Debug|x64
		{AB00D70A-9DCC-4448-8A8D-E3BC68E4B7CD}.Debug|x86.ActiveCfg = Debug|Win32
		{AB00D70A-9DCC-4448-8A8D-E3BC68E4B7CD}.Debug|x86.Build.0 = Debug|Win32
		{AB00D70A-9DCC-4448-8A8D-E3BC68E4B7CD}.Release|x64.ActiveCfg = Release|x64
		{AB00D70A-9DCC-4448-8A8D-E3BC68E4B7CD}.Release|x64.Build.0 = Release|x64
		{AB00D70A-9DCC-4448-8A8D-E3BC68E4B7CD}.Release|x86.ActiveCfg = Release|Win32
		{AB00D70A-9DCC-4448-8A8D-E3BC68E4B7CD}.Release|x86.Build.0 = Release|Win32
		{B589D49E-3679-40AA-A0AC-9340ED48EFA6}.Debug|x64.ActiveCfg = Debug|x64
		{B589D49E-3679-40AA-A0AC-9340ED48EFA6}.Debug|x64.Build.0 = Debug|x64
		{B589D49E-3679-40AA-A0AC-9340ED48EFA6}.Debug|x86.ActiveCfg = Debug|Win32
		{B589D49E-3679-40AA-A0AC-9340ED48EFA6}.Debug|x86.Build.0 = Debug|Win32
		{B589D49E-3679-40AA-A0AC-9340ED48EFA6}.Release|x64.ActiveCfg = Release|x64
		{B589D49E-3679-40AA-A0AC-9340ED48EFA6}.Release|x64.Build.0 = Release|x64
		{B589D49E-3679-40AA-A0AC-9340ED48EFA6}.Release|x86.ActiveCfg = Release|Win32
		{B589D49E-3679-40AA-A0AC-9340ED48EFA6}.Release|x86.Build.0 = Release|Win32
		{F2FD9E28-A946-45FE-B9AB-7301056E8384}.Debug|x64.ActiveCfg = Debug|x64
		{F2FD9E28-A946-45FE-B9AB-7301056E8384}.Debug|x64.Build.0 = Debug|x64
		{F2FD9E28-A946-45FE-B9AB-7301056E8384}.Debug|x86.ActiveCfg = Debug|Win32
		{F2FD9E28-A946-45FE-B9AB-7301056E8384}.Debug|x86.Build.0 = Debug|Win32
		{F2FD9E28-A946-45FE-B9AB-7301056E8384}.Release|x64.ActiveCfg = Release|x64
		{F2FD9E28-A946-45FE-B9AB-7301056E8384}.Release|x64.Build.0 = Release|x64
		{F2FD9E28-A946-45FE-B9AB-7301056E8384}.Release|x86.ActiveCfg = Release|Win32
		{F2FD9E28-A946-45FE-B9AB-7301056E8384}.Release|x86.Build.0 = Release|Win32
		{F5BF487D-3B87-4119-93C8-FE60E5396976}.Debug|x64.ActiveCfg = Debug|x64
		{F5BF487D-3B87-4119-93C8-FE60E5396976}.Debug|x64.Build.0 = Debug|x64
		{F5BF487D-3B87-4119-93C8-FE60E5396976}.Debug|x86.ActiveCfg = Debug|Win32
		{F5BF487D-3B87-4119-93C8-FE60E5396976}.Debug|x86.Build.0 = Debug|Win32
		{F5BF487D-3B87-4119-93C8-FE60E5396976}.Release|x64.ActiveCfg = Release|x64
		{F5BF487D-3B87-4119-93C8-FE60E5396976}.Release|x64.Build.0 = Release|x64
		{F5BF487D-3B87-4119-93C8-FE60E5396976}.Release|x86.ActiveCfg = Release|Win32
		{F5BF487D-3B87-4119-93C8-FE60E5396976}.Release|x86.Build.0 = Release|Win32
		{3CEB0656-C986-4886-8BD4-6AB413394726}.Debug|x64.ActiveCfg = Debug|x64
		{3CEB0656-C986-4886-8BD4-6AB413394726}.Debug|x64.Build.0 = Debug|x64
		{3CEB0656-C986-4886-8BD4-6AB413394726}.Debug|x86.ActiveCfg = Debug|Win32
		{3CEB0656-C986-4886-8BD4-6AB413394726}.Debug|x86.Build.0 = Debug|Win32
		{3CEB0656-C986-4886-8BD4-6AB413394726}.Release|x64.ActiveCfg = Release|x64
		{3CEB0656-C986-4886-8BD4-6AB413394726}.Release|x64.Build.0 = Release|x64
		{3CEB0656-C986-4886-8BD4-6AB413394726}.Release|x86.ActiveCfg = Release|Win32
		{3CEB0656-C986-4886-8BD4-6AB413394726}.Release|x86.Build.0 = Release|Win32
	EndGlobalSection
	GlobalSection(SolutionProperties) = preSolution
		HideSolutionNode = FALSE
	EndGlobalSection
	GlobalSection(NestedProjects) = preSolution
		{F5BF487D-3B87-4119-93C8-FE60E5396976} = {0AB3F227-DE85-48F6-BB5A-9800F5FC58D4}
	EndGlobalSection
	GlobalSection(ExtensibilityGlobals) = postSolution
		SolutionGuid = {EE7462F1-2FCA-4157-88A5-973CD13C308B}
	EndGlobalSection
EndGlobal
