<?xml version="1.0" encoding="utf-8"?>
<Project ToolsVersion="4.0" xmlns="http://schemas.microsoft.com/developer/msbuild/2003">
  <ItemGroup>
    <Filter Include="Source Files">
      <UniqueIdentifier>{4FC737F1-C7A5-4376-A066-2A32D752A2FF}</UniqueIdentifier>
      <Extensions>cpp;c;cc;cxx;c++;cppm;ixx;def;odl;idl;hpj;bat;asm;asmx</Extensions>
    </Filter>
    <Filter Include="Header Files">
      <UniqueIdentifier>{93995380-89BD-4b04-88EB-625FBE52EBFB}</UniqueIdentifier>
      <Extensions>h;hh;hpp;hxx;h++;hm;inl;inc;ipp;xsd</Extensions>
    </Filter>
    <Filter Include="Resource Files">
      <UniqueIdentifier>{67DA6AB6-F800-4c08-8B7A-83BB121AAD01}</UniqueIdentifier>
      <Extensions>rc;ico;cur;bmp;dlg;rc2;rct;bin;rgs;gif;jpg;jpeg;jpe;resx;tiff;tif;png;wav;mfcribbon-ms</Extensions>
    </Filter>
  </ItemGroup>
  <ItemGroup>
    <ClInclude Include="game\game_objects\game_object.h">
      <Filter>Header Files</Filter>
    </ClInclude>
    <ClInclude Include="game\manager\manager.h">
      <Filter>Header Files</Filter>
    </ClInclude>
    <ClInclude Include="game\manager\manager_iterator.h">
      <Filter>Header Files</Filter>
    </ClInclude>
    <ClInclude Include="memory\accessor.h">
      <Filter>Header Files</Filter>
    </ClInclude>
    <ClInclude Include="memory\member.h">
      <Filter>Header Files</Filter>
    </ClInclude>
    <ClInclude Include="event\event_bus.h">
      <Filter>Header Files</Filter>
    </ClInclude>
    <ClInclude Include="event\events.h">
      <Filter>Header Files</Filter>
    </ClInclude>
    <ClInclude Include="locator.h">
      <Filter>Header Files</Filter>
    </ClInclude>
    <ClInclude Include="utilities.h">
      <Filter>Header Files</Filter>
    </ClInclude>
    <ClInclude Include="game\game_objects\attackable_units\hero.h">
      <Filter>Header Files</Filter>
    </ClInclude>
    <ClInclude Include="game\game_objects\attackable_units\minion.h">
      <Filter>Header Files</Filter>
    </ClInclude>
    <ClInclude Include="game\game_objects\attackable_units\turret.h">
      <Filter>Header Files</Filter>
    </ClInclude>
    <ClInclude Include="game\Offsets.h">
      <Filter>Header Files</Filter>
    </ClInclude>
    <ClInclude Include="game\world\world.h">
      <Filter>Header Files</Filter>
    </ClInclude>
    <ClInclude Include="game\game_objects\attackable_units\AttackableUnit.h">
      <Filter>Header Files</Filter>
    </ClInclude>
    <ClInclude Include="game\game_objects\attackable_units\inhibitor.h">
      <Filter>Header Files</Filter>
    </ClInclude>
    <ClInclude Include="game\game_objects\attackable_units\building.h">
      <Filter>Header Files</Filter>
    </ClInclude>
    <ClInclude Include="hooking\hooking_service.h">
      <Filter>Header Files</Filter>
    </ClInclude>
    <ClInclude Include="game\functions\function.h">
      <Filter>Header Files</Filter>
    </ClInclude>
    <ClInclude Include="game\functions\function_accessor.h">
      <Filter>Header Files</Filter>
    </ClInclude>
    <ClInclude Include="hooking\kiero.h">
      <Filter>Header Files</Filter>
    </ClInclude>
    <ClInclude Include="hooking\callbacks.h">
      <Filter>Header Files</Filter>
    </ClInclude>
    <ClInclude Include="hooking\makesyscall.h">
      <Filter>Header Files</Filter>
    </ClInclude>
    <ClInclude Include="drawings\geometry\vector.h">
      <Filter>Header Files</Filter>
    </ClInclude>
    <ClInclude Include="drawings\draw_factory.h">
      <Filter>Header Files</Filter>
    </ClInclude>
    <ClInclude Include="libs\ImGui\imconfig.h">
      <Filter>Header Files</Filter>
    </ClInclude>
    <ClInclude Include="libs\ImGui\imgui.h">
      <Filter>Header Files</Filter>
    </ClInclude>
    <ClInclude Include="libs\ImGui\imgui_impl_dx9.h">
      <Filter>Header Files</Filter>
    </ClInclude>
    <ClInclude Include="libs\ImGui\imgui_impl_dx11.h">
      <Filter>Header Files</Filter>
    </ClInclude>
    <ClInclude Include="libs\ImGui\imgui_impl_win32.h">
      <Filter>Header Files</Filter>
    </ClInclude>
    <ClInclude Include="libs\ImGui\imgui_internal.h">
      <Filter>Header Files</Filter>
    </ClInclude>
    <ClInclude Include="libs\ImGui\imstb_rectpack.h">
      <Filter>Header Files</Filter>
    </ClInclude>
    <ClInclude Include="libs\ImGui\imstb_textedit.h">
      <Filter>Header Files</Filter>
    </ClInclude>
    <ClInclude Include="libs\ImGui\imstb_truetype.h">
      <Filter>Header Files</Filter>
    </ClInclude>
    <ClInclude Include="drawings\renderer.h">
      <Filter>Header Files</Filter>
    </ClInclude>
    <ClInclude Include="memory\debugger.h">
      <Filter>Header Files</Filter>
    </ClInclude>
    <ClInclude Include="game\world\engine.h">
      <Filter>Header Files</Filter>
    </ClInclude>
  </ItemGroup>
  <ItemGroup>
    <ClCompile Include="game\manager\manager.cpp">
      <Filter>Source Files</Filter>
    </ClCompile>
    <ClCompile Include="entry\dllmain.cpp">
      <Filter>Source Files</Filter>
    </ClCompile>
    <ClCompile Include="locator.cpp">
      <Filter>Source Files</Filter>
    </ClCompile>
    <ClCompile Include="game\game_objects\attackable_units\hero.cpp">
      <Filter>Source Files</Filter>
    </ClCompile>
    <ClCompile Include="game\game_objects\game_object.cpp">
      <Filter>Source Files</Filter>
    </ClCompile>
    <ClCompile Include="game\game_objects\attackable_units\minion.cpp">
      <Filter>Source Files</Filter>
    </ClCompile>
    <ClCompile Include="game\game_objects\attackable_units\turret.cpp">
      <Filter>Source Files</Filter>
    </ClCompile>
    <ClCompile Include="game\world\world.cpp">
      <Filter>Source Files</Filter>
    </ClCompile>
    <ClCompile Include="game\game_objects\attackable_units\inhibitor.cpp">
      <Filter>Source Files</Filter>
    </ClCompile>
    <ClCompile Include="game\game_objects\attackable_units\building.cpp">
      <Filter>Source Files</Filter>
    </ClCompile>
    <ClCompile Include="game\game_objects\attackable_units\AttackableUnit.cpp">
      <Filter>Source Files</Filter>
    </ClCompile>
    <ClCompile Include="hooking\kiero.cpp">
      <Filter>Source Files</Filter>
    </ClCompile>
    <ClCompile Include="hooking\callbacks.cpp">
      <Filter>Source Files</Filter>
    </ClCompile>
    <ClCompile Include="hooking\hooking_service.cpp">
      <Filter>Source Files</Filter>
    </ClCompile>
    <ClCompile Include="drawings\draw_factory.cpp">
      <Filter>Source Files</Filter>
    </ClCompile>
    <ClCompile Include="libs\ImGui\imgui.cpp">
      <Filter>Source Files</Filter>
    </ClCompile>
    <ClCompile Include="libs\ImGui\imgui_demo.cpp">
      <Filter>Source Files</Filter>
    </ClCompile>
    <ClCompile Include="libs\ImGui\imgui_draw.cpp">
      <Filter>Source Files</Filter>
    </ClCompile>
    <ClCompile Include="libs\ImGui\imgui_impl_dx9.cpp">
      <Filter>Source Files</Filter>
    </ClCompile>
    <ClCompile Include="libs\ImGui\imgui_impl_dx11.cpp">
      <Filter>Source Files</Filter>
    </ClCompile>
    <ClCompile Include="libs\ImGui\imgui_impl_win32.cpp">
      <Filter>Source Files</Filter>
    </ClCompile>
    <ClCompile Include="libs\ImGui\imgui_tables.cpp">
      <Filter>Source Files</Filter>
    </ClCompile>
    <ClCompile Include="libs\ImGui\imgui_widgets.cpp">
      <Filter>Source Files</Filter>
    </ClCompile>
    <ClCompile Include="memory\debugger.cpp">
      <Filter>Source Files</Filter>
    </ClCompile>
    <ClCompile Include="game\world\engine.cpp">
      <Filter>Source Files</Filter>
    </ClCompile>
  </ItemGroup>
</Project>